
Microsoft Visual Studio Solution File, Format Version 12.00
# Visual Studio Version 16
VisualStudioVersion = 16.0.30503.244
MinimumVisualStudioVersion = 10.0.40219.1
Project("{FAE04EC0-301F-11D3-BF4B-00C04F79EFBC}") = "CurrencyConverter", "CurrencyConverter\CurrencyConverter.csproj", "{56DC5B68-A6CC-43F5-B0A5-1CD8EC368E07}"
EndProject
Global
	GlobalSection(SolutionConfigurationPlatforms) = preSolution
		Debug|Any CPU = Debug|Any CPU
		Release|Any CPU = Release|Any CPU
	EndGlobalSection
	GlobalSection(ProjectConfigurationPlatforms) = postSolution
		{56DC5B68-A6CC-43F5-B0A5-1CD8EC368E07}.Debug|Any CPU.ActiveCfg = Debug|Any CPU
		{56DC5B68-A6CC-43F5-B0A5-1CD8EC368E07}.Debug|Any CPU.Build.0 = Debug|Any CPU
		{56DC5B68-A6CC-43F5-B0A5-1CD8EC368E07}.Release|Any CPU.ActiveCfg = Release|Any CPU
		{56DC5B68-A6CC-43F5-B0A5-1CD8EC368E07}.Release|Any CPU.Build.0 = Release|Any CPU
	EndGlobalSection
	GlobalSection(SolutionProperties) = preSolution
		HideSolutionNode = FALSE
	EndGlobalSection
	GlobalSection(ExtensibilityGlobals) = postSolution
		SolutionGuid = {557C060F-8D19-4F9E-8913-52FB595F8367}
	EndGlobalSection
EndGlobal
